
Microsoft Visual Studio Solution File, Format Version 12.00
# Visual Studio Version 17
VisualStudioVersion = 17.3.32929.385
MinimumVisualStudioVersion = 10.0.40219.1
Project("{FAE04EC0-301F-11D3-BF4B-00C04F79EFBC}") = "Camera Watcher", "Camera Watcher.csproj", "{EDEC4F33-C136-4C61-A336-5F6F3A1FF36C}"
EndProject
Global
	GlobalSection(SolutionConfigurationPlatforms) = preSolution
		Debug|Any CPU = Debug|Any CPU
		Release|Any CPU = Release|Any CPU
	EndGlobalSection
	GlobalSection(ProjectConfigurationPlatforms) = postSolution
		{EDEC4F33-C136-4C61-A336-5F6F3A1FF36C}.Debug|Any CPU.ActiveCfg = Debug|Any CPU
		{EDEC4F33-C136-4C61-A336-5F6F3A1FF36C}.Debug|Any CPU.Build.0 = Debug|Any CPU
		{EDEC4F33-C136-4C61-A336-5F6F3A1FF36C}.Release|Any CPU.ActiveCfg = Release|Any CPU
		{EDEC4F33-C136-4C61-A336-5F6F3A1FF36C}.Release|Any CPU.Build.0 = Release|Any CPU
	EndGlobalSection
	GlobalSection(SolutionProperties) = preSolution
		HideSolutionNode = FALSE
	EndGlobalSection
	GlobalSection(ExtensibilityGlobals) = postSolution
		SolutionGuid = {13F7509B-15FB-4EFE-9C80-38A154B92B6A}
	EndGlobalSection
EndGlobal
